
Microsoft Visual Studio Solution File, Format Version 12.00
# Visual Studio 15
VisualStudioVersion = 15.0.27130.2010
MinimumVisualStudioVersion = 10.0.40219.1
Project("{FAE04EC0-301F-11D3-BF4B-00C04F79EFBC}") = "Okta Session Master", "Okta Session Master\Okta Session Master.csproj", "{735A0457-E682-414E-9128-6DAB1350B93A}"
EndProject
Project("{FAE04EC0-301F-11D3-BF4B-00C04F79EFBC}") = "Bridge", "..\Utilities\Bridge.csproj", "{7251ED28-9DF8-48B6-8A1F-13EE555014D6}"
EndProject
Global
	GlobalSection(SolutionConfigurationPlatforms) = preSolution
		Debug|Any CPU = Debug|Any CPU
		Release|Any CPU = Release|Any CPU
	EndGlobalSection
	GlobalSection(ProjectConfigurationPlatforms) = postSolution
		{735A0457-E682-414E-9128-6DAB1350B93A}.Debug|Any CPU.ActiveCfg = Debug|Any CPU
		{735A0457-E682-414E-9128-6DAB1350B93A}.Debug|Any CPU.Build.0 = Debug|Any CPU
		{735A0457-E682-414E-9128-6DAB1350B93A}.Release|Any CPU.ActiveCfg = Release|Any CPU
		{735A0457-E682-414E-9128-6DAB1350B93A}.Release|Any CPU.Build.0 = Release|Any CPU
		{7251ED28-9DF8-48B6-8A1F-13EE555014D6}.Debug|Any CPU.ActiveCfg = Debug|Any CPU
		{7251ED28-9DF8-48B6-8A1F-13EE555014D6}.Debug|Any CPU.Build.0 = Debug|Any CPU
		{7251ED28-9DF8-48B6-8A1F-13EE555014D6}.Release|Any CPU.ActiveCfg = Release|Any CPU
		{7251ED28-9DF8-48B6-8A1F-13EE555014D6}.Release|Any CPU.Build.0 = Release|Any CPU
	EndGlobalSection
	GlobalSection(SolutionProperties) = preSolution
		HideSolutionNode = FALSE
	EndGlobalSection
	GlobalSection(ExtensibilityGlobals) = postSolution
		SolutionGuid = {F78BE35F-9014-43EF-9050-6185B282054F}
	EndGlobalSection
EndGlobal
